
Microsoft Visual Studio Solution File, Format Version 12.00
# Visual Studio Version 16
VisualStudioVersion = 16.0.31515.178
MinimumVisualStudioVersion = 10.0.40219.1
Project("{9A19103F-16F7-4668-BE54-9A1E7A4F7556}") = "DtmTccSample", "DtmTccSample\DtmTccSample.csproj", "{B6AF1EAF-C134-4115-9641-2C927DD5D81A}"
EndProject
Global
	GlobalSection(SolutionConfigurationPlatforms) = preSolution
		Debug|Any CPU = Debug|Any CPU
		Release|Any CPU = Release|Any CPU
	EndGlobalSection
	GlobalSection(ProjectConfigurationPlatforms) = postSolution
		{B6AF1EAF-C134-4115-9641-2C927DD5D81A}.Debug|Any CPU.ActiveCfg = Debug|Any CPU
		{B6AF1EAF-C134-4115-9641-2C927DD5D81A}.Debug|Any CPU.Build.0 = Debug|Any CPU
		{B6AF1EAF-C134-4115-9641-2C927DD5D81A}.Release|Any CPU.ActiveCfg = Release|Any CPU
		{B6AF1EAF-C134-4115-9641-2C927DD5D81A}.Release|Any CPU.Build.0 = Release|Any CPU
	EndGlobalSection
	GlobalSection(SolutionProperties) = preSolution
		HideSolutionNode = FALSE
	EndGlobalSection
	GlobalSection(ExtensibilityGlobals) = postSolution
		SolutionGuid = {8EADC2B8-3374-4D35-ABF9-1903429AD46F}
	EndGlobalSection
EndGlobal
